lockfileVersion: '9.0'

settings:
  autoInstallPeers: true
  excludeLinksFromLockfile: false

importers:

  .:
    dependencies:
      fdir:
        specifier: ^6.5.0
        version: 6.5.0(picomatch@4.0.4)
      picomatch:
        specifier: ^4.0.4
        version: 4.0.4
    devDependencies:
      '@biomejs/biome':
        specifier: ^2.4.16
        version: 2.4.16
      '@types/node':
        specifier: ^25.9.1
        version: 25.9.1
      '@types/picomatch':
        specifier: ^4.0.3
        version: 4.0.3
      fast-glob:
        specifier: ^3.3.3
        version: 3.3.3
      fs-fixture:
        specifier: ^2.14.0
        version: 2.14.0
      glob:
        specifier: ^13.0.6
        version: 13.0.6
      tinybench:
        specifier: ^6.0.2
        version: 6.0.2
      tsdown:
        specifier: ^0.22.1
        version: 0.22.1(typescript@6.0.3)
      typescript:
        specifier: ^6.0.3
        version: 6.0.3

packages:

  '@babel/generator@8.0.0-rc.6':
    resolution: {integrity: sha512-6mIzgVK8DgEzvIapoQwhXTMnnkuE4STQmVv9H03i/tZ2ml8oev3TRvZJgTenK2Bsq0YWNtzOrFdTyNzCMFtjJQ==}
    engines: {node: ^22.18.0 || >=24.11.0}

  '@babel/helper-string-parser@8.0.0-rc.6':
    resolution: {integrity: sha512-BCkFy+zN6kXQed3YOT7aJl93NfDSzQc3pBfsvTVPs9gU9X3V0aefEF5kwBT0E+mDWH9QgKaZstYUQN9VdQZT4g==}
    engines: {node: ^22.18.0 || >=24.11.0}

  '@babel/helper-validator-identifier@8.0.0-rc.6':
    resolution: {integrity: sha512-nVJ+1JcCgntv8d78rRo++o2wuODT0Irknx2BF8Np4Ft2CRgjLqIs4qzSZ8b66yGbBdMWGmZBO9WEZv1hhNiSpg==}
    engines: {node: ^22.18.0 || >=24.11.0}

  '@babel/parser@8.0.0-rc.6':
    resolution: {integrity: sha512-rOS8IpdO7mQELkTPlCsTgPejO0bFuZdEDCGQJouYbYf9e1FLTym7Fei2pEjq8q7MWbX0ravcd7QQYKs1TxOuog==}
    engines: {node: ^22.18.0 || >=24.11.0}
    hasBin: true

  '@babel/types@8.0.0-rc.6':
    resolution: {integrity: sha512-p7/ABylAYlexb31wtRdIfH9L9A0Z2T/9H6zAqzqndkY2PLkvNNc580wGhp/gGKN4Sp9sQvSkhc6Oga8/O+wTyw==}
    engines: {node: ^22.18.0 || >=24.11.0}

  '@biomejs/biome@2.4.16':
    resolution: {integrity: sha512-x9ajFh1zChVybCiM3TN6OD4phAqLgtPZjFrZF+aTMYCPjwBO+k529TX7PPsAqtGNLeV4UgzwQnowEgS7bGmzcA==}
    engines: {node: '>=14.21.3'}
    hasBin: true

  '@biomejs/cli-darwin-arm64@2.4.16':
    resolution: {integrity: sha512-wxPvu4XOA85YJk9ixSWUmq/QBHbid85BISbOAqqBM/5xQpPk9ayjk5375tOlSC0BeCwNSbPFafQBm+vBumXq0A==}
    engines: {node: '>=14.21.3'}
    cpu: [arm64]
    os: [darwin]

  '@biomejs/cli-darwin-x64@2.4.16':
    resolution: {integrity: sha512-xFCqGPwYusQJp4N4NJLi1XJiZqjwFdjhT+KqtNy+Ug3qgfczqnTa6MSDvxJF6TkuDLoYJItMapz6tAf7kCekFw==}
    engines: {node: '>=14.21.3'}
    cpu: [x64]
    os: [darwin]

  '@biomejs/cli-linux-arm64-musl@2.4.16':
    resolution: {integrity: sha512-oYxnW0ARfJkr72ezzF2OR8N/rtkgLUQeYtF8cFhVswbknHxtTcmzSsanVJP8yQKnGpGpc2ck6c5zLvHahL6Cbg==}
    engines: {node: '>=14.21.3'}
    cpu: [arm64]
    os: [linux]
    libc: [musl]

  '@biomejs/cli-linux-arm64@2.4.16':
    resolution: {integrity: sha512-2kFb4//jxfZaP6D+Rj5VkHkxgyD9EoRAVBEQb8PKRv+s4NO2zYNJKXFaJmK1CmhufJOWEfpHKaRbOja7qjmdhQ==}
    engines: {node: '>=14.21.3'}
    cpu: [arm64]
    os: [linux]
    libc: [glibc]

  '@biomejs/cli-linux-x64-musl@2.4.16':
    resolution: {integrity: sha512-iHDS+MCM65DPqWGu+ECC3uoALyj2H7F4nVUPxIPjz/PIl94EUu+EDfGZDzFP+NY1EOPVt9NQvwFqq7HdMmowdg==}
    engines: {node: '>=14.21.3'}
    cpu: [x64]
    os: [linux]
    libc: [musl]

  '@biomejs/cli-linux-x64@2.4.16':
    resolution: {integrity: sha512-NbcBbi/nJqn5baae6wqRXdS7Gadf2uRpehSh6vMSYpG8OhkXl/Xg8aorWrJ+9VWqAT5ml90alLvorkpMW0nBwQ==}
    engines: {node: '>=14.21.3'}
    cpu: [x64]
    os: [linux]
    libc: [glibc]

  '@biomejs/cli-win32-arm64@2.4.16':
    resolution: {integrity: sha512-0rgImMsNb5v/chhkIFe3wu7PEFClS6RBAYUijGL9UsYN3PanSaoK24HSSuSJb1pYbYYVjzAyZTl3gtjJ84BM8A==}
    engines: {node: '>=14.21.3'}
    cpu: [arm64]
    os: [win32]

  '@biomejs/cli-win32-x64@2.4.16':
    resolution: {integrity: sha512-Kp85jgoBHa05gix6UIRjfCDiUV3w/8VIdZ247VyyO2gEjaw12WEVhdIjlxp/AMzXxqxQwbxNTDVZ3Mwd2RG5rw==}
    engines: {node: '>=14.21.3'}
    cpu: [x64]
    os: [win32]

  '@emnapi/core@1.10.0':
    resolution: {integrity: sha512-yq6OkJ4p82CAfPl0u9mQebQHKPJkY7WrIuk205cTYnYe+k2Z8YBh11FrbRG/H6ihirqcacOgl2BIO8oyMQLeXw==}

  '@emnapi/runtime@1.10.0':
    resolution: {integrity: sha512-ewvYlk86xUoGI0zQRNq/mC+16R1QeDlKQy21Ki3oSYXNgLb45GV1P6A0M+/s6nyCuNDqe5VpaY84BzXGwVbwFA==}

  '@emnapi/wasi-threads@1.2.1':
    resolution: {integrity: sha512-uTII7OYF+/Mes/MrcIOYp5yOtSMLBWSIoLPpcgwipoiKbli6k322tcoFsxoIIxPDqW01SQGAgko4EzZi2BNv2w==}

  '@jridgewell/gen-mapping@0.3.13':
    resolution: {integrity: sha512-2kkt/7niJ6MgEPxF0bYdQ6etZaA+fQvDcLKckhy1yIQOzaoKjBBjSj63/aLVjYE3qhRt5dvM+uUyfCg6UKCBbA==}

  '@jridgewell/resolve-uri@3.1.2':
    resolution: {integrity: sha512-bRISgCIjP20/tbWSPWMEi54QVPRZExkuD9lJL+UIxUKtwVJA8wW1Trb1jMs1RFXo1CBTNZ/5hpC9QvmKWdopKw==}
    engines: {node: '>=6.0.0'}

  '@jridgewell/sourcemap-codec@1.5.5':
    resolution: {integrity: sha512-cYQ9310grqxueWbl+WuIUIaiUaDcj7WOq5fVhEljNVgRfOUhY9fy2zTvfoqWsnebh8Sl70VScFbICvJnLKB0Og==}

  '@jridgewell/trace-mapping@0.3.31':
    resolution: {integrity: sha512-zzNR+SdQSDJzc8joaeP8QQoCQr8NuYx2dIIytl1QeBEZHJ9uW6hebsrYgbz8hJwUQao3TWCMtmfV8Nu1twOLAw==}

  '@napi-rs/wasm-runtime@1.1.4':
    resolution: {integrity: sha512-3NQNNgA1YSlJb/kMH1ildASP9HW7/7kYnRI2szWJaofaS1hWmbGI4H+d3+22aGzXXN9IJ+n+GiFVcGipJP18ow==}
    peerDependencies:
      '@emnapi/core': ^1.7.1
      '@emnapi/runtime': ^1.7.1

  '@nodelib/fs.scandir@2.1.5':
    resolution: {integrity: sha512-vq24Bq3ym5HEQm2NKCr3yXDwjc7vTsEThRDnkp2DK9p1uqLR+DHurm/NOTo0KG7HYHU7eppKZj3MyqYuMBf62g==}
    engines: {node: '>= 8'}

  '@nodelib/fs.stat@2.0.5':
    resolution: {integrity: sha512-RkhPPp2zrqDAQA/2jNhnztcPAlv64XdhIp7a7454A5ovI7Bukxgt7MX7udwAu3zg1DcpPU0rz3VV1SeaqvY4+A==}
    engines: {node: '>= 8'}

  '@nodelib/fs.walk@1.2.8':
    resolution: {integrity: sha512-oGB+UxlgWcgQkgwo8GcEGwemoTFt3FIO9ababBmaGwXIoBKZ+GTy0pP185beGg7Llih/NSHSV2XAs1lnznocSg==}
    engines: {node: '>= 8'}

  '@oxc-project/types@0.133.0':
    resolution: {integrity: sha512-KzkdCd6Uxqnf6l3HOw1xfatAlUURA0g14cvBYFyJ5SaNOQbOUvBr9PKArcPcrNIeRsBdgcUzOGrhKveVpvOIGA==}

  '@quansync/fs@1.0.0':
    resolution: {integrity: sha512-4TJ3DFtlf1L5LDMaM6CanJ/0lckGNtJcMjQ1NAV6zDmA0tEHKZtxNKin8EgPaVX1YzljbxckyT2tJrpQKAtngQ==}

  '@rolldown/binding-android-arm64@1.0.3':
    resolution: {integrity: sha512-454rs7jHngixp/NMxd5srYD57OnzSlZ/eFTETjORQHLwJG1lRtmNOJcBerZlfu4GjKqeq8aCCIQrMdHyhI51Hw==}
    engines: {node: ^20.19.0 || >=22.12.0}
    cpu: [arm64]
    os: [android]

  '@rolldown/binding-darwin-arm64@1.0.3':
    resolution: {integrity: sha512-PcAhP+ynjURNyy8SKGl5DQP94aGuB/7JrXJb/t7P+hanXvQVMWzUvRRhBAcg/lNRadBhoUPqSoP4xw5tR/KBEA==}
    engines: {node: ^20.19.0 || >=22.12.0}
    cpu: [arm64]
    os: [darwin]

  '@rolldown/binding-darwin-x64@1.0.3':
    resolution: {integrity: sha512-9YpfeUvSE2RS7wysJ81uOZkXJz7f7Q55H2Gvp3VEw/EsahqDtrphrZ0EwDLK5vvKOzaCrBsjF8JmnMLcUt78Gg==}
    engines: {node: ^20.19.0 || >=22.12.0}
    cpu: [x64]
    os: [darwin]

  '@rolldown/binding-freebsd-x64@1.0.3':
    resolution: {integrity: sha512-yB1IlAsSNHncV6SCTL27/MVGR5htvQsoGxIv5KMGXALp+Ll1wYsn+x98M9MW7qa+NdSbvrrY7ANI4wLJ0n1e6g==}
    engines: {node: ^20.19.0 || >=22.12.0}
    cpu: [x64]
    os: [freebsd]

  '@rolldown/binding-linux-arm-gnueabihf@1.0.3':
    resolution: {integrity: sha512-Yi30IVAAfLUCy2MseFjbB1jAMDl1VMCAas5StnYp8da9+CKvMd2H2cbEjWcw5NPaPqzvYkVIaF1nNUG+b7u/sw==}
    engines: {node: ^20.19.0 || >=22.12.0}
    cpu: [arm]
    os: [linux]

  '@rolldown/binding-linux-arm64-gnu@1.0.3':
    resolution: {integrity: sha512-jsO7R8To+AdlYgUmN5sHSCZbfhtMBkO0WUx8iORQnPcMMdgr7qM2DQmMwgabs3GhNztdmoKkMKQFHD6DTMCIQw==}
    engines: {node: ^20.19.0 || >=22.12.0}
    cpu: [arm64]
    os: [linux]
    libc: [glibc]

  '@rolldown/binding-linux-arm64-musl@1.0.3':
    resolution: {integrity: sha512-VWkUHwWriDciit80wleYwKILoR/KMvxh/IdwS/paX+ZgpuRpCrKLUdadJbc0NpBEiyhpYawsJ73j9aCvOH+f7Q==}
    engines: {node: ^20.19.0 || >=22.12.0}
    cpu: [arm64]
    os: [linux]
    libc: [musl]

  '@rolldown/binding-linux-ppc64-gnu@1.0.3':
    resolution: {integrity: sha512-5f1laC0SlIR0yDbFCd8acUhvJIag6N3zC5P7oUPN6wX0aOma+uKJ0wBDH5aq7I1PVI2ttTlhJwzwRIBnLiSGEg==}
    engines: {node: ^20.19.0 || >=22.12.0}
    cpu: [ppc64]
    os: [linux]
    libc: [glibc]

  '@rolldown/binding-linux-s390x-gnu@1.0.3':
    resolution: {integrity: sha512-Iq4ko0r4XsgbrF/LunNgHtAGLRRVE2kXonAXQ/MV0mC6jQpMOhW1SvtZja2EhC/kd05++bP78dsqBeIQyYJ6Yg==}
    engines: {node: ^20.19.0 || >=22.12.0}
    cpu: [s390x]
    os: [linux]
    libc: [glibc]

  '@rolldown/binding-linux-x64-gnu@1.0.3':
    resolution: {integrity: sha512-B8m6tD5+/N5FeNQFbKlLA/2yVq9ycQP1SeedyEYYKWBNR3ZQbkvIUcNnDNM03lO1l5F2roiiFJGgvoLLyZXtSg==}
    engines: {node: ^20.19.0 || >=22.12.0}
    cpu: [x64]
    os: [linux]
    libc: [glibc]

  '@rolldown/binding-linux-x64-musl@1.0.3':
    resolution: {integrity: sha512-pSdpdUJHkuCxun9LE7jvgUB9qsRgaiyNNCX7m/AvHTcq67AiT/Yhoxvw5zPfhrM8k/BfP8ce/hMOpthKDpEUow==}
    engines: {node: ^20.19.0 || >=22.12.0}
    cpu: [x64]
    os: [linux]
    libc: [musl]

  '@rolldown/binding-openharmony-arm64@1.0.3':
    resolution: {integrity: sha512-OXXS3RKJgX2uLwM+gYyuH5omcH8fL1LJs96pZGgtetVCahON57+d4SJHzTgZiOjxgGkSnpXpOsWuPDGAKAigEg==}
    engines: {node: ^20.19.0 || >=22.12.0}
    cpu: [arm64]
    os: [openharmony]

  '@rolldown/binding-wasm32-wasi@1.0.3':
    resolution: {integrity: sha512-JTtb8BWFynicNSoPrehsCzBtOKjZ6jhMiPFEmOiuXg1Fl8dn2KHQob+GuPSGR0dryQa1PQJbzjF3dqO/whhjLg==}
    engines: {node: ^20.19.0 || >=22.12.0}
    cpu: [wasm32]

  '@rolldown/binding-win32-arm64-msvc@1.0.3':
    resolution: {integrity: sha512-gEdFFEN70A/jxb2svrWsN3aDL7OUtmvlOy+6fa2jxG8K0wQ1ZbdeLGnidov6Yu5/733dI5ySfzFlQ/cb0bSz1g==}
    engines: {node: ^20.19.0 || >=22.12.0}
    cpu: [arm64]
    os: [win32]

  '@rolldown/binding-win32-x64-msvc@1.0.3':
    resolution: {integrity: sha512-eXB7CHuaQdqmJcc3koCNtNPmT/bj2gc999kUFgBxG8Ac0NdgXc4rkCHhqrgrhN3zddvvvrgzj1e90SuSfmyIXA==}
    engines: {node: ^20.19.0 || >=22.12.0}
    cpu: [x64]
    os: [win32]

  '@rolldown/pluginutils@1.0.0':
    resolution: {integrity: sha512-aKs/3GSWyV0mrhNmt/96/Z3yczC3yvrzYATCiCXQebBsGyYzjNdUphRVLeJQ67ySKVXRfMxt2lm12pmXvbPFQQ==}

  '@tybys/wasm-util@0.10.2':
    resolution: {integrity: sha512-RoBvJ2X0wuKlWFIjrwffGw1IqZHKQqzIchKaadZZfnNpsAYp2mM0h36JtPCjNDAHGgYez/15uMBpfGwchhiMgg==}

  '@types/estree@1.0.9':
    resolution: {integrity: sha512-GhdPgy1el4/ImP05X05Uw4cw2/M93BCUmnEvWZNStlCzEKME4Fkk+YpoA5OiHNQmoS7Cafb8Xa3Pya8m1Qrzeg==}

  '@types/jsesc@2.5.1':
    resolution: {integrity: sha512-9VN+6yxLOPLOav+7PwjZbxiID2bVaeq0ED4qSQmdQTdjnXJSaCVKTR58t15oqH1H5t8Ng2ZX1SabJVoN9Q34bw==}

  '@types/node@25.9.1':
    resolution: {integrity: sha512-xfrlY7UD5rMJk3ZVJP8BNzS28J36YJg+xp+LPXV1TdWxr8uMH5A860QNxYDGQe/ylDSgjxE52Q9VnO7p75tJxg==}

  '@types/picomatch@4.0.3':
    resolution: {integrity: sha512-iG0T6+nYJ9FAPmx9SsUlnwcq1ZVRuCXcVEvWnntoPlrOpwtSTKNDC9uVAxTsC3PUvJ+99n4RpAcNgBbHX3JSnQ==}

  ansis@4.3.0:
    resolution: {integrity: sha512-44mvgtPvohuU/70DdY5Oz2AIrLJ9k6/5x4KmoSvPwO+5Moijo0+N9D0fKbbYZQWP1hNm5CpOf+E01jhxG/r8xg==}
    engines: {node: '>=14'}

  ast-kit@3.0.0-beta.1:
    resolution: {integrity: sha512-trmleAnZ2PxN/loHWVhhx1qeOHSRXq4TDsBBxq3GqeJitfk3+jTQ+v/C1km/KYq9M7wKqCewMh+/NAvVH7m+bw==}
    engines: {node: '>=20.19.0'}

  balanced-match@4.0.4:
    resolution: {integrity: sha512-BLrgEcRTwX2o6gGxGOCNyMvGSp35YofuYzw9h1IMTRmKqttAZZVU67bdb9Pr2vUHA8+j3i2tJfjO6C6+4myGTA==}
    engines: {node: 18 || 20 || >=22}

  birpc@4.0.0:
    resolution: {integrity: sha512-LShSxJP0KTmd101b6DRyGBj57LZxSDYWKitQNW/mi8GRMvZb078Uf9+pveax1DrVL89vm7mWe+TovdI/UDOuPw==}

  brace-expansion@5.0.6:
    resolution: {integrity: sha512-kLpxurY4Z4r9sgMsyG0Z9uzsBlgiU/EFKhj/h91/8yHu0edo7XuixOIH3VcJ8kkxs6/jPzoI6U9Vj3WqbMQ94g==}
    engines: {node: 18 || 20 || >=22}

  braces@3.0.3:
    resolution: {integrity: sha512-yQbXgO/OSZVD2IsiLlro+7Hf6Q18EJrKSEsdoMzKePKXct3gvD8oLcOQdIzGupr5Fj+EDe8gO/lxc1BzfMpxvA==}
    engines: {node: '>=8'}

  cac@7.0.0:
    resolution: {integrity: sha512-tixWYgm5ZoOD+3g6UTea91eow5z6AAHaho3g0V9CNSNb45gM8SmflpAc+GRd1InC4AqN/07Unrgp56Y94N9hJQ==}
    engines: {node: '>=20.19.0'}

  defu@6.1.7:
    resolution: {integrity: sha512-7z22QmUWiQ/2d0KkdYmANbRUVABpZ9SNYyH5vx6PZ+nE5bcC0l7uFvEfHlyld/HcGBFTL536ClDt3DEcSlEJAQ==}

  dts-resolver@3.0.0:
    resolution: {integrity: sha512-1T1f+z+4tl9XD+m+0HBgWoL/nm0bOIffyWaUuUSBlFg/86IWvfx+wjNaO/ybU0AJzG9/Mi5hBUgGV6zCmWEN7Q==}
    engines: {node: ^22.18.0 || >=24.0.0}
    peerDependencies:
      oxc-resolver: '>=11.0.0'
    peerDependenciesMeta:
      oxc-resolver:
        optional: true

  empathic@2.0.1:
    resolution: {integrity: sha512-YGRs8knHhKHVShLkFET/rWAU8kmHbOV5LwN938RHI0pljAJ1Gf6SzXsSmRaEzcXTtOOmVqJ5+WtQPL5uigY50Q==}
    engines: {node: '>=14'}

  estree-walker@3.0.3:
    resolution: {integrity: sha512-7RUKfXgSMMkzt6ZuXmqapOurLGPPfgj6l9uRZ7lRGolvk0y2yocc35LdcxKC5PQZdn2DMqioAQ2NoWcrTKmm6g==}

  fast-glob@3.3.3:
    resolution: {integrity: sha512-7MptL8U0cqcFdzIzwOTHoilX9x5BrNqye7Z/LuC7kCMRio1EMSyqRK3BEAUD7sXRq4iT4AzTVuZdhgQ2TCvYLg==}
    engines: {node: '>=8.6.0'}

  fastq@1.20.1:
    resolution: {integrity: sha512-GGToxJ/w1x32s/D2EKND7kTil4n8OVk/9mycTc4VDza13lOvpUZTGX3mFSCtV9ksdGBVzvsyAVLM6mHFThxXxw==}

  fdir@6.5.0:
    resolution: {integrity: sha512-tIbYtZbucOs0BRGqPJkshJUYdL+SDH7dVM8gjy+ERp3WAUjLEFJE+02kanyHtwjWOnwrKYBiwAmM0p4kLJAnXg==}
    engines: {node: '>=12.0.0'}
    peerDependencies:
      picomatch: ^3 || ^4
    peerDependenciesMeta:
      picomatch:
        optional: true

  fill-range@7.1.1:
    resolution: {integrity: sha512-YsGpe3WHLK8ZYi4tWDg2Jy3ebRz2rXowDxnld4bkQB00cc/1Zw9AWnC0i9ztDJitivtQvaI9KaLyKrc+hBW0yg==}
    engines: {node: '>=8'}

  fs-fixture@2.14.0:
    resolution: {integrity: sha512-lZBaSOewY5snBSyOjn3fmo2ES5gOR7Q1Y6dILH0/xR0xejjUhux65OGaFWhQ+jiyvTi5HOHqXQrQ9v48Lsmqbw==}
    engines: {node: '>=18.0.0'}

  get-tsconfig@5.0.0-beta.5:
    resolution: {integrity: sha512-/6gFNr0N04nob252sTQxyFLi3eKFRqIg1I87YcqAMT1i6SQrSF6KujUEQrtrjMV0H/eejTCltLdDSTEMzHbnsQ==}
    engines: {node: '>=20.20.0'}

  glob-parent@5.1.2:
    resolution: {integrity: sha512-AOIgSQCepiJYwP3ARnGx+5VnTu2HBYdzbGP45eLw1vr3zB3vZLeyed1sC9hnbcOc9/SrMyM5RPQrkGz4aS9Zow==}
    engines: {node: '>= 6'}

  glob@13.0.6:
    resolution: {integrity: sha512-Wjlyrolmm8uDpm/ogGyXZXb1Z+Ca2B8NbJwqBVg0axK9GbBeoS7yGV6vjXnYdGm6X53iehEuxxbyiKp8QmN4Vw==}
    engines: {node: 18 || 20 || >=22}

  hookable@6.1.1:
    resolution: {integrity: sha512-U9LYDy1CwhMCnprUfeAZWZGByVbhd54hwepegYTK7Pi5NvqEj63ifz5z+xukznehT7i6NIZRu89Ay1AZmRsLEQ==}

  import-without-cache@0.4.0:
    resolution: {integrity: sha512-NkJQA7oZ4YHQhd2+H3BoRFKF3d/XNsiKpHZCQEMH9pDX27hQQLsTyOocyRgaIVtf8gHX3Nt3LPkR4e5EdtPAGQ==}
    engines: {node: ^22.18.0 || >=24.0.0}

  is-extglob@2.1.1:
    resolution: {integrity: sha512-SbKbANkN603Vi4jEZv49LeVJMn4yGwsbzZworEoyEiutsN3nJYdbO36zfhGJ6QEDpOZIFkDtnq5JRxmvl3jsoQ==}
    engines: {node: '>=0.10.0'}

  is-glob@4.0.3:
    resolution: {integrity: sha512-xelSayHH36ZgE7ZWhli7pW34hNbNl8Ojv5KVmkJD4hBdD3th8Tfk9vYasLM+mXWOZhFkgZfxhLSnrwRr4elSSg==}
    engines: {node: '>=0.10.0'}

  is-number@7.0.0:
    resolution: {integrity: sha512-41Cifkg6e8TylSpdtTpeLVMqvSBEVzTttHvERD741+pnZ8ANv0004MRL43QKPDlK9cGvNp6NZWZUBlbGXYxxng==}
    engines: {node: '>=0.12.0'}

  jsesc@3.1.0:
    resolution: {integrity: sha512-/sM3dO2FOzXjKQhJuo0Q173wf2KOo8t4I8vHy6lF9poUp7bKT0/NHE8fPX23PwfhnykfqnC2xRxOnVw5XuGIaA==}
    engines: {node: '>=6'}
    hasBin: true

  lru-cache@11.3.6:
    resolution: {integrity: sha512-Gf/KoL3C/MlI7Bt0PGI9I+TeTC/I6r/csU58N4BSNc4lppLBeKsOdFYkK+dX0ABDUMJNfCHTyPpzwwO21Awd3A==}
    engines: {node: 20 || >=22}

  merge2@1.4.1:
    resolution: {integrity: sha512-8q7VEgMJW4J8tcfVPy8g09NcQwZdbwFEqhe/WZkoIzjn/3TGDwtOCYtXGxA3O8tPzpczCCDgv+P2P5y00ZJOOg==}
    engines: {node: '>= 8'}

  micromatch@4.0.8:
    resolution: {integrity: sha512-PXwfBhYu0hBCPw8Dn0E+WDYb7af3dSLVWKi3HGv84IdF4TyFoC0ysxFd0Goxw7nSv4T/PzEJQxsYsEiFCKo2BA==}
    engines: {node: '>=8.6'}

  minimatch@10.2.5:
    resolution: {integrity: sha512-MULkVLfKGYDFYejP07QOurDLLQpcjk7Fw+7jXS2R2czRQzR56yHRveU5NDJEOviH+hETZKSkIk5c+T23GjFUMg==}
    engines: {node: 18 || 20 || >=22}

  minipass@7.1.3:
    resolution: {integrity: sha512-tEBHqDnIoM/1rXME1zgka9g6Q2lcoCkxHLuc7ODJ5BxbP5d4c2Z5cGgtXAku59200Cx7diuHTOYfSBD8n6mm8A==}
    engines: {node: '>=16 || 14 >=14.17'}

  obug@2.1.1:
    resolution: {integrity: sha512-uTqF9MuPraAQ+IsnPf366RG4cP9RtUi7MLO1N3KEc+wb0a6yKpeL0lmk2IB1jY5KHPAlTc6T/JRdC/YqxHNwkQ==}

  path-scurry@2.0.2:
    resolution: {integrity: sha512-3O/iVVsJAPsOnpwWIeD+d6z/7PmqApyQePUtCndjatj/9I5LylHvt5qluFaBT3I5h3r1ejfR056c+FCv+NnNXg==}
    engines: {node: 18 || 20 || >=22}

  pathe@2.0.3:
    resolution: {integrity: sha512-WUjGcAqP1gQacoQe+OBJsFA7Ld4DyXuUIjZ5cc75cLHvJ7dtNsTugphxIADwspS+AraAUePCKrSVtPLFj/F88w==}

  picomatch@2.3.2:
    resolution: {integrity: sha512-V7+vQEJ06Z+c5tSye8S+nHUfI51xoXIXjHQ99cQtKUkQqqO1kO/KCJUfZXuB47h/YBlDhah2H3hdUGXn8ie0oA==}
    engines: {node: '>=8.6'}

  picomatch@4.0.4:
    resolution: {integrity: sha512-QP88BAKvMam/3NxH6vj2o21R6MjxZUAd6nlwAS/pnGvN9IVLocLHxGYIzFhg6fUQ+5th6P4dv4eW9jX3DSIj7A==}
    engines: {node: '>=12'}

  quansync@1.0.0:
    resolution: {integrity: sha512-5xZacEEufv3HSTPQuchrvV6soaiACMFnq1H8wkVioctoH3TRha9Sz66lOxRwPK/qZj7HPiSveih9yAyh98gvqA==}

  queue-microtask@1.2.3:
    resolution: {integrity: sha512-NuaNSa6flKT5JaSYQzJok04JzTL1CA6aGhv5rfLW3PgqA+M2ChpZQnAC8h8i4ZFkBS8X5RqkDBHA7r4hej3K9A==}

  resolve-pkg-maps@1.0.0:
    resolution: {integrity: sha512-seS2Tj26TBVOC2NIc2rOe2y2ZO7efxITtLZcGSOnHHNOQ7CkiUBfw0Iw2ck6xkIhPwLhKNLS8BO+hEpngQlqzw==}

  reusify@1.1.0:
    resolution: {integrity: sha512-g6QUff04oZpHs0eG5p83rFLhHeV00ug/Yf9nZM6fLeUrPguBTkTQOdpAWWspMh55TZfVQDPaN3NQJfbVRAxdIw==}
    engines: {iojs: '>=1.0.0', node: '>=0.10.0'}

  rolldown-plugin-dts@0.25.2:
    resolution: {integrity: sha512-nMhN/R+vmR8GM45ZW1FWMSjRTSDDn/6w4GTf8RNrEFCBdl8B1kySWrU1ixPtbwzXoRlcO+R/S88VgXuJQwfdDg==}
    engines: {node: ^22.18.0 || >=24.0.0}
    peerDependencies:
      '@ts-macro/tsc': ^0.3.6
      '@typescript/native-preview': '>=7.0.0-dev.20260325.1'
      rolldown: ^1.0.0
      typescript: ^5.0.0 || ^6.0.0
      vue-tsc: ~3.2.0
    peerDependenciesMeta:
      '@ts-macro/tsc':
        optional: true
      '@typescript/native-preview':
        optional: true
      typescript:
        optional: true
      vue-tsc:
        optional: true

  rolldown@1.0.3:
    resolution: {integrity: sha512-i00lAJ2ks1BYr7rjNjKC7BcqAS7nVfiT3QX1SI5aY+AFHblCmaUf9OE9dbdzDvW6dJxbi2ZCZiy9v3CcwOiX3g==}
    engines: {node: ^20.19.0 || >=22.12.0}
    hasBin: true

  run-parallel@1.2.0:
    resolution: {integrity: sha512-5l4VyZR86LZ/lDxZTR6jqL8AFE2S0IFLMP26AbjsLVADxHdhB/c0GUsH+y39UfCi3dzz8OlQuPmnaJOMoDHQBA==}

  semver@7.8.0:
    resolution: {integrity: sha512-AcM7dV/5ul4EekoQ29Agm5vri8JNqRyj39o0qpX6vDF2GZrtutZl5RwgD1XnZjiTAfncsJhMI48QQH3sN87YNA==}
    engines: {node: '>=10'}
    hasBin: true

  tinybench@6.0.2:
    resolution: {integrity: sha512-FlHoQpcFvCzeXK5kVPvV7IVgW/hs/B36QWTz876iSdeJguBDfdTSRQmYmaHX+fQNt4hp+gEFB2XXw+8hT4/y8A==}
    engines: {node: '>=20.0.0'}

  tinyexec@1.1.2:
    resolution: {integrity: sha512-dAqSqE/RabpBKI8+h26GfLq6Vb3JVXs30XYQjdMjaj/c2tS8IYYMbIzP599KtRj7c57/wYApb3QjgRgXmrCukA==}
    engines: {node: '>=18'}

  tinyglobby@0.2.16:
    resolution: {integrity: sha512-pn99VhoACYR8nFHhxqix+uvsbXineAasWm5ojXoN8xEwK5Kd3/TrhNn1wByuD52UxWRLy8pu+kRMniEi6Eq9Zg==}
    engines: {node: '>=12.0.0'}

  to-regex-range@5.0.1:
    resolution: {integrity: sha512-65P7iz6X5yEr1cwcgvQxbbIw7Uk3gOy5dIdtZ4rDveLqhrdJP+Li/Hx6tyK0NEb+2GCyneCMJiGqrADCSNk8sQ==}
    engines: {node: '>=8.0'}

  tree-kill@1.2.2:
    resolution: {integrity: sha512-L0Orpi8qGpRG//Nd+H90vFB+3iHnue1zSSGmNOOCh1GLJ7rUKVwV2HvijphGQS2UmhUZewS9VgvxYIdgr+fG1A==}
    hasBin: true

  tsdown@0.22.1:
    resolution: {integrity: sha512-Ldx1jLyDFEzsN/fMBi2TBVaZe4fuEJhIiHjQhX0pV7oa5uYz5Imdivs5mNzEXOrMEtFRR6C9BQ2YqLoroffB+Q==}
    engines: {node: ^22.18.0 || >=24.0.0}
    hasBin: true
    peerDependencies:
      '@arethetypeswrong/core': ^0.18.1
      '@tsdown/css': 0.22.1
      '@tsdown/exe': 0.22.1
      '@vitejs/devtools': '*'
      publint: ^0.3.8
      tsx: '*'
      typescript: ^5.0.0 || ^6.0.0
      unplugin-unused: ^0.5.0
      unrun: '*'
    peerDependenciesMeta:
      '@arethetypeswrong/core':
        optional: true
      '@tsdown/css':
        optional: true
      '@tsdown/exe':
        optional: true
      '@vitejs/devtools':
        optional: true
      publint:
        optional: true
      tsx:
        optional: true
      typescript:
        optional: true
      unplugin-unused:
        optional: true
      unrun:
        optional: true

  tslib@2.8.1:
    resolution: {integrity: sha512-oJFu94HQb+KVduSUQL7wnpmqnfmLsOA/nAh6b6EH0wCEoK0/mPeXU6c3wKDV83MkOuHPRHtSXKKU99IBazS/2w==}

  typescript@6.0.3:
    resolution: {integrity: sha512-y2TvuxSZPDyQakkFRPZHKFm+KKVqIisdg9/CZwm9ftvKXLP8NRWj38/ODjNbr43SsoXqNuAisEf1GdCxqWcdBw==}
    engines: {node: '>=14.17'}
    hasBin: true

  unconfig-core@7.5.0:
    resolution: {integrity: sha512-Su3FauozOGP44ZmKdHy2oE6LPjk51M/TRRjHv2HNCWiDvfvCoxC2lno6jevMA91MYAdCdwP05QnWdWpSbncX/w==}

  undici-types@7.24.6:
    resolution: {integrity: sha512-WRNW+sJgj5OBN4/0JpHFqtqzhpbnV0GuB+OozA9gCL7a993SmU+1JBZCzLNxYsbMfIeDL+lTsphD5jN5N+n0zg==}

snapshots:

  '@babel/generator@8.0.0-rc.6':
    dependencies:
      '@babel/parser': 8.0.0-rc.6
      '@babel/types': 8.0.0-rc.6
      '@jridgewell/gen-mapping': 0.3.13
      '@jridgewell/trace-mapping': 0.3.31
      '@types/jsesc': 2.5.1
      jsesc: 3.1.0

  '@babel/helper-string-parser@8.0.0-rc.6': {}

  '@babel/helper-validator-identifier@8.0.0-rc.6': {}

  '@babel/parser@8.0.0-rc.6':
    dependencies:
      '@babel/types': 8.0.0-rc.6

  '@babel/types@8.0.0-rc.6':
    dependencies:
      '@babel/helper-string-parser': 8.0.0-rc.6
      '@babel/helper-validator-identifier': 8.0.0-rc.6

  '@biomejs/biome@2.4.16':
    optionalDependencies:
      '@biomejs/cli-darwin-arm64': 2.4.16
      '@biomejs/cli-darwin-x64': 2.4.16
      '@biomejs/cli-linux-arm64': 2.4.16
      '@biomejs/cli-linux-arm64-musl': 2.4.16
      '@biomejs/cli-linux-x64': 2.4.16
      '@biomejs/cli-linux-x64-musl': 2.4.16
      '@biomejs/cli-win32-arm64': 2.4.16
      '@biomejs/cli-win32-x64': 2.4.16

  '@biomejs/cli-darwin-arm64@2.4.16':
    optional: true

  '@biomejs/cli-darwin-x64@2.4.16':
    optional: true

  '@biomejs/cli-linux-arm64-musl@2.4.16':
    optional: true

  '@biomejs/cli-linux-arm64@2.4.16':
    optional: true

  '@biomejs/cli-linux-x64-musl@2.4.16':
    optional: true

  '@biomejs/cli-linux-x64@2.4.16':
    optional: true

  '@biomejs/cli-win32-arm64@2.4.16':
    optional: true

  '@biomejs/cli-win32-x64@2.4.16':
    optional: true

  '@emnapi/core@1.10.0':
    dependencies:
      '@emnapi/wasi-threads': 1.2.1
      tslib: 2.8.1
    optional: true

  '@emnapi/runtime@1.10.0':
    dependencies:
      tslib: 2.8.1
    optional: true

  '@emnapi/wasi-threads@1.2.1':
    dependencies:
      tslib: 2.8.1
    optional: true

  '@jridgewell/gen-mapping@0.3.13':
    dependencies:
      '@jridgewell/sourcemap-codec': 1.5.5
      '@jridgewell/trace-mapping': 0.3.31

  '@jridgewell/resolve-uri@3.1.2': {}

  '@jridgewell/sourcemap-codec@1.5.5': {}

  '@jridgewell/trace-mapping@0.3.31':
    dependencies:
      '@jridgewell/resolve-uri': 3.1.2
      '@jridgewell/sourcemap-codec': 1.5.5

  '@napi-rs/wasm-runtime@1.1.4(@emnapi/core@1.10.0)(@emnapi/runtime@1.10.0)':
    dependencies:
      '@emnapi/core': 1.10.0
      '@emnapi/runtime': 1.10.0
      '@tybys/wasm-util': 0.10.2
    optional: true

  '@nodelib/fs.scandir@2.1.5':
    dependencies:
      '@nodelib/fs.stat': 2.0.5
      run-parallel: 1.2.0

  '@nodelib/fs.stat@2.0.5': {}

  '@nodelib/fs.walk@1.2.8':
    dependencies:
      '@nodelib/fs.scandir': 2.1.5
      fastq: 1.20.1

  '@oxc-project/types@0.133.0': {}

  '@quansync/fs@1.0.0':
    dependencies:
      quansync: 1.0.0

  '@rolldown/binding-android-arm64@1.0.3':
    optional: true

  '@rolldown/binding-darwin-arm64@1.0.3':
    optional: true

  '@rolldown/binding-darwin-x64@1.0.3':
    optional: true

  '@rolldown/binding-freebsd-x64@1.0.3':
    optional: true

  '@rolldown/binding-linux-arm-gnueabihf@1.0.3':
    optional: true

  '@rolldown/binding-linux-arm64-gnu@1.0.3':
    optional: true

  '@rolldown/binding-linux-arm64-musl@1.0.3':
    optional: true

  '@rolldown/binding-linux-ppc64-gnu@1.0.3':
    optional: true

  '@rolldown/binding-linux-s390x-gnu@1.0.3':
    optional: true

  '@rolldown/binding-linux-x64-gnu@1.0.3':
    optional: true

  '@rolldown/binding-linux-x64-musl@1.0.3':
    optional: true

  '@rolldown/binding-openharmony-arm64@1.0.3':
    optional: true

  '@rolldown/binding-wasm32-wasi@1.0.3':
    dependencies:
      '@emnapi/core': 1.10.0
      '@emnapi/runtime': 1.10.0
      '@napi-rs/wasm-runtime': 1.1.4(@emnapi/core@1.10.0)(@emnapi/runtime@1.10.0)
    optional: true

  '@rolldown/binding-win32-arm64-msvc@1.0.3':
    optional: true

  '@rolldown/binding-win32-x64-msvc@1.0.3':
    optional: true

  '@rolldown/pluginutils@1.0.0': {}

  '@tybys/wasm-util@0.10.2':
    dependencies:
      tslib: 2.8.1
    optional: true

  '@types/estree@1.0.9': {}

  '@types/jsesc@2.5.1': {}

  '@types/node@25.9.1':
    dependencies:
      undici-types: 7.24.6

  '@types/picomatch@4.0.3': {}

  ansis@4.3.0: {}

  ast-kit@3.0.0-beta.1:
    dependencies:
      '@babel/parser': 8.0.0-rc.6
      estree-walker: 3.0.3
      pathe: 2.0.3

  balanced-match@4.0.4: {}

  birpc@4.0.0: {}

  brace-expansion@5.0.6:
    dependencies:
      balanced-match: 4.0.4

  braces@3.0.3:
    dependencies:
      fill-range: 7.1.1

  cac@7.0.0: {}

  defu@6.1.7: {}

  dts-resolver@3.0.0: {}

  empathic@2.0.1: {}

  estree-walker@3.0.3:
    dependencies:
      '@types/estree': 1.0.9

  fast-glob@3.3.3:
    dependencies:
      '@nodelib/fs.stat': 2.0.5
      '@nodelib/fs.walk': 1.2.8
      glob-parent: 5.1.2
      merge2: 1.4.1
      micromatch: 4.0.8

  fastq@1.20.1:
    dependencies:
      reusify: 1.1.0

  fdir@6.5.0(picomatch@4.0.4):
    optionalDependencies:
      picomatch: 4.0.4

  fill-range@7.1.1:
    dependencies:
      to-regex-range: 5.0.1

  fs-fixture@2.14.0: {}

  get-tsconfig@5.0.0-beta.5:
    dependencies:
      resolve-pkg-maps: 1.0.0

  glob-parent@5.1.2:
    dependencies:
      is-glob: 4.0.3

  glob@13.0.6:
    dependencies:
      minimatch: 10.2.5
      minipass: 7.1.3
      path-scurry: 2.0.2

  hookable@6.1.1: {}

  import-without-cache@0.4.0: {}

  is-extglob@2.1.1: {}

  is-glob@4.0.3:
    dependencies:
      is-extglob: 2.1.1

  is-number@7.0.0: {}

  jsesc@3.1.0: {}

  lru-cache@11.3.6: {}

  merge2@1.4.1: {}

  micromatch@4.0.8:
    dependencies:
      braces: 3.0.3
      picomatch: 2.3.2

  minimatch@10.2.5:
    dependencies:
      brace-expansion: 5.0.6

  minipass@7.1.3: {}

  obug@2.1.1: {}

  path-scurry@2.0.2:
    dependencies:
      lru-cache: 11.3.6
      minipass: 7.1.3

  pathe@2.0.3: {}

  picomatch@2.3.2: {}

  picomatch@4.0.4: {}

  quansync@1.0.0: {}

  queue-microtask@1.2.3: {}

  resolve-pkg-maps@1.0.0: {}

  reusify@1.1.0: {}

  rolldown-plugin-dts@0.25.2(rolldown@1.0.3)(typescript@6.0.3):
    dependencies:
      '@babel/generator': 8.0.0-rc.6
      '@babel/helper-validator-identifier': 8.0.0-rc.6
      '@babel/parser': 8.0.0-rc.6
      ast-kit: 3.0.0-beta.1
      birpc: 4.0.0
      dts-resolver: 3.0.0
      get-tsconfig: 5.0.0-beta.5
      obug: 2.1.1
      rolldown: 1.0.3
    optionalDependencies:
      typescript: 6.0.3
    transitivePeerDependencies:
      - oxc-resolver

  rolldown@1.0.3:
    dependencies:
      '@oxc-project/types': 0.133.0
      '@rolldown/pluginutils': 1.0.0
    optionalDependencies:
      '@rolldown/binding-android-arm64': 1.0.3
      '@rolldown/binding-darwin-arm64': 1.0.3
      '@rolldown/binding-darwin-x64': 1.0.3
      '@rolldown/binding-freebsd-x64': 1.0.3
      '@rolldown/binding-linux-arm-gnueabihf': 1.0.3
      '@rolldown/binding-linux-arm64-gnu': 1.0.3
      '@rolldown/binding-linux-arm64-musl': 1.0.3
      '@rolldown/binding-linux-ppc64-gnu': 1.0.3
      '@rolldown/binding-linux-s390x-gnu': 1.0.3
      '@rolldown/binding-linux-x64-gnu': 1.0.3
      '@rolldown/binding-linux-x64-musl': 1.0.3
      '@rolldown/binding-openharmony-arm64': 1.0.3
      '@rolldown/binding-wasm32-wasi': 1.0.3
      '@rolldown/binding-win32-arm64-msvc': 1.0.3
      '@rolldown/binding-win32-x64-msvc': 1.0.3

  run-parallel@1.2.0:
    dependencies:
      queue-microtask: 1.2.3

  semver@7.8.0: {}

  tinybench@6.0.2: {}

  tinyexec@1.1.2: {}

  tinyglobby@0.2.16:
    dependencies:
      fdir: 6.5.0(picomatch@4.0.4)
      picomatch: 4.0.4

  to-regex-range@5.0.1:
    dependencies:
      is-number: 7.0.0

  tree-kill@1.2.2: {}

  tsdown@0.22.1(typescript@6.0.3):
    dependencies:
      ansis: 4.3.0
      cac: 7.0.0
      defu: 6.1.7
      empathic: 2.0.1
      hookable: 6.1.1
      import-without-cache: 0.4.0
      obug: 2.1.1
      picomatch: 4.0.4
      rolldown: 1.0.3
      rolldown-plugin-dts: 0.25.2(rolldown@1.0.3)(typescript@6.0.3)
      semver: 7.8.0
      tinyexec: 1.1.2
      tinyglobby: 0.2.16
      tree-kill: 1.2.2
      unconfig-core: 7.5.0
    optionalDependencies:
      typescript: 6.0.3
    transitivePeerDependencies:
      - '@ts-macro/tsc'
      - '@typescript/native-preview'
      - oxc-resolver
      - vue-tsc

  tslib@2.8.1:
    optional: true

  typescript@6.0.3: {}

  unconfig-core@7.5.0:
    dependencies:
      '@quansync/fs': 1.0.0
      quansync: 1.0.0

  undici-types@7.24.6: {}
